
Microsoft Visual Studio Solution File, Format Version 12.00
# Visual Studio 15
Project("{FAE04EC0-301F-11D3-BF4B-00C04F79EFBC}") = "Assembly-CSharp", "Assembly-CSharp.csproj", "{CFEEF94C-8FD6-E8C6-E243-BC1BB3E35258}"
EndProject
Global
	GlobalSection(SolutionConfigurationPlatforms) = preSolution
		Debug|Any CPU = Debug|Any CPU
		Release|Any CPU = Release|Any CPU
	EndGlobalSection
	GlobalSection(ProjectConfigurationPlatforms) = postSolution
		{CFEEF94C-8FD6-E8C6-E243-BC1BB3E35258}.Debug|Any CPU.ActiveCfg = Debug|Any CPU
		{CFEEF94C-8FD6-E8C6-E243-BC1BB3E35258}.Debug|Any CPU.Build.0 = Debug|Any CPU
		{CFEEF94C-8FD6-E8C6-E243-BC1BB3E35258}.Release|Any CPU.ActiveCfg = Release|Any CPU
		{CFEEF94C-8FD6-E8C6-E243-BC1BB3E35258}.Release|Any CPU.Build.0 = Release|Any CPU
	EndGlobalSection
	GlobalSection(SolutionProperties) = preSolution
		HideSolutionNode = FALSE
	EndGlobalSection
EndGlobal
