
Microsoft Visual Studio Solution File, Format Version 12.00
# Visual Studio 15
Project("{FAE04EC0-301F-11D3-BF4B-00C04F79EFBC}") = "QuarkEditor", "QuarkEditor.csproj", "{CDB4F004-68D7-5644-009D-A1F13B7145B7}"
EndProject
<<<<<<< HEAD
Project("{FAE04EC0-301F-11D3-BF4B-00C04F79EFBC}") = "UnityEditor.UI", "UnityEditor.UI.csproj", "{FAC4C91F-C4E2-8189-5D57-4BB3EC5BFA7F}"
EndProject
=======
<<<<<<< HEAD
>>>>>>> 9e04e77b58b0d970261c9adb4f0131f9235f49bc
Project("{FAE04EC0-301F-11D3-BF4B-00C04F79EFBC}") = "QuarkRuntime", "QuarkRuntime.csproj", "{2A26F41E-09F1-806B-5D3D-F5009F60BC36}"
EndProject
Project("{FAE04EC0-301F-11D3-BF4B-00C04F79EFBC}") = "Assembly-CSharp", "Assembly-CSharp.csproj", "{27171540-A25E-BCEC-E0C7-5DD3AAAACC58}"
EndProject
<<<<<<< HEAD
Project("{FAE04EC0-301F-11D3-BF4B-00C04F79EFBC}") = "Unity.2D.Sprite.Editor", "Unity.2D.Sprite.Editor.csproj", "{5A751BB1-8641-CE40-52D2-7CFCCE455D17}"
EndProject
Project("{FAE04EC0-301F-11D3-BF4B-00C04F79EFBC}") = "UnityEngine.UI", "UnityEngine.UI.csproj", "{AD8953D1-8E55-F14B-6A3F-7F6E44763428}"
EndProject
=======
=======
Project("{FAE04EC0-301F-11D3-BF4B-00C04F79EFBC}") = "Assembly-CSharp", "Assembly-CSharp.csproj", "{27171540-A25E-BCEC-E0C7-5DD3AAAACC58}"
EndProject
Project("{FAE04EC0-301F-11D3-BF4B-00C04F79EFBC}") = "QuarkRuntime", "QuarkRuntime.csproj", "{2A26F41E-09F1-806B-5D3D-F5009F60BC36}"
EndProject
>>>>>>> 01ba13ff313a692144740562eb8b827ce9d747bc
>>>>>>> 9e04e77b58b0d970261c9adb4f0131f9235f49bc
Project("{FAE04EC0-301F-11D3-BF4B-00C04F79EFBC}") = "Assembly-CSharp-Editor", "Assembly-CSharp-Editor.csproj", "{0223808E-338B-968A-3447-6A5F1C4CDB5C}"
EndProject
Global
	GlobalSection(SolutionConfigurationPlatforms) = preSolution
		Debug|Any CPU = Debug|Any CPU
		Release|Any CPU = Release|Any CPU
	EndGlobalSection
	GlobalSection(ProjectConfigurationPlatforms) = postSolution
		{CDB4F004-68D7-5644-009D-A1F13B7145B7}.Debug|Any CPU.ActiveCfg = Debug|Any CPU
		{CDB4F004-68D7-5644-009D-A1F13B7145B7}.Debug|Any CPU.Build.0 = Debug|Any CPU
		{CDB4F004-68D7-5644-009D-A1F13B7145B7}.Release|Any CPU.ActiveCfg = Release|Any CPU
		{CDB4F004-68D7-5644-009D-A1F13B7145B7}.Release|Any CPU.Build.0 = Release|Any CPU
<<<<<<< HEAD
		{FAC4C91F-C4E2-8189-5D57-4BB3EC5BFA7F}.Debug|Any CPU.ActiveCfg = Debug|Any CPU
		{FAC4C91F-C4E2-8189-5D57-4BB3EC5BFA7F}.Debug|Any CPU.Build.0 = Debug|Any CPU
		{FAC4C91F-C4E2-8189-5D57-4BB3EC5BFA7F}.Release|Any CPU.ActiveCfg = Release|Any CPU
		{FAC4C91F-C4E2-8189-5D57-4BB3EC5BFA7F}.Release|Any CPU.Build.0 = Release|Any CPU
=======
<<<<<<< HEAD
>>>>>>> 9e04e77b58b0d970261c9adb4f0131f9235f49bc
		{2A26F41E-09F1-806B-5D3D-F5009F60BC36}.Debug|Any CPU.ActiveCfg = Debug|Any CPU
		{2A26F41E-09F1-806B-5D3D-F5009F60BC36}.Debug|Any CPU.Build.0 = Debug|Any CPU
		{2A26F41E-09F1-806B-5D3D-F5009F60BC36}.Release|Any CPU.ActiveCfg = Release|Any CPU
		{2A26F41E-09F1-806B-5D3D-F5009F60BC36}.Release|Any CPU.Build.0 = Release|Any CPU
=======
>>>>>>> 01ba13ff313a692144740562eb8b827ce9d747bc
		{27171540-A25E-BCEC-E0C7-5DD3AAAACC58}.Debug|Any CPU.ActiveCfg = Debug|Any CPU
		{27171540-A25E-BCEC-E0C7-5DD3AAAACC58}.Debug|Any CPU.Build.0 = Debug|Any CPU
		{27171540-A25E-BCEC-E0C7-5DD3AAAACC58}.Release|Any CPU.ActiveCfg = Release|Any CPU
		{27171540-A25E-BCEC-E0C7-5DD3AAAACC58}.Release|Any CPU.Build.0 = Release|Any CPU
<<<<<<< HEAD
		{5A751BB1-8641-CE40-52D2-7CFCCE455D17}.Debug|Any CPU.ActiveCfg = Debug|Any CPU
		{5A751BB1-8641-CE40-52D2-7CFCCE455D17}.Debug|Any CPU.Build.0 = Debug|Any CPU
		{5A751BB1-8641-CE40-52D2-7CFCCE455D17}.Release|Any CPU.ActiveCfg = Release|Any CPU
		{5A751BB1-8641-CE40-52D2-7CFCCE455D17}.Release|Any CPU.Build.0 = Release|Any CPU
		{AD8953D1-8E55-F14B-6A3F-7F6E44763428}.Debug|Any CPU.ActiveCfg = Debug|Any CPU
		{AD8953D1-8E55-F14B-6A3F-7F6E44763428}.Debug|Any CPU.Build.0 = Debug|Any CPU
		{AD8953D1-8E55-F14B-6A3F-7F6E44763428}.Release|Any CPU.ActiveCfg = Release|Any CPU
		{AD8953D1-8E55-F14B-6A3F-7F6E44763428}.Release|Any CPU.Build.0 = Release|Any CPU
=======
<<<<<<< HEAD
=======
		{2A26F41E-09F1-806B-5D3D-F5009F60BC36}.Debug|Any CPU.ActiveCfg = Debug|Any CPU
		{2A26F41E-09F1-806B-5D3D-F5009F60BC36}.Debug|Any CPU.Build.0 = Debug|Any CPU
		{2A26F41E-09F1-806B-5D3D-F5009F60BC36}.Release|Any CPU.ActiveCfg = Release|Any CPU
		{2A26F41E-09F1-806B-5D3D-F5009F60BC36}.Release|Any CPU.Build.0 = Release|Any CPU
>>>>>>> 01ba13ff313a692144740562eb8b827ce9d747bc
>>>>>>> 9e04e77b58b0d970261c9adb4f0131f9235f49bc
		{0223808E-338B-968A-3447-6A5F1C4CDB5C}.Debug|Any CPU.ActiveCfg = Debug|Any CPU
		{0223808E-338B-968A-3447-6A5F1C4CDB5C}.Debug|Any CPU.Build.0 = Debug|Any CPU
		{0223808E-338B-968A-3447-6A5F1C4CDB5C}.Release|Any CPU.ActiveCfg = Release|Any CPU
		{0223808E-338B-968A-3447-6A5F1C4CDB5C}.Release|Any CPU.Build.0 = Release|Any CPU
	EndGlobalSection
	GlobalSection(SolutionProperties) = preSolution
		HideSolutionNode = FALSE
	EndGlobalSection
EndGlobal
